
Microsoft Visual Studio Solution File, Format Version 12.00
# Visual Studio Version 17
VisualStudioVersion = 17.14.36623.8 d17.14
MinimumVisualStudioVersion = 10.0.40219.1
Project("{FAE04EC0-301F-11D3-BF4B-00C04F79EFBC}") = "BetterTeamHeals", "BetterTeamHeals.csproj", "{8B363090-6F7A-451A-92A9-ED78838C26E0}"
EndProject
Global
	GlobalSection(SolutionConfigurationPlatforms) = preSolution
		Debug|Any CPU = Debug|Any CPU
		Release|Any CPU = Release|Any CPU
	EndGlobalSection
	GlobalSection(ProjectConfigurationPlatforms) = postSolution
		{8B363090-6F7A-451A-92A9-ED78838C26E0}.Debug|Any CPU.ActiveCfg = Debug|Any CPU
		{8B363090-6F7A-451A-92A9-ED78838C26E0}.Debug|Any CPU.Build.0 = Debug|Any CPU
		{8B363090-6F7A-451A-92A9-ED78838C26E0}.Release|Any CPU.ActiveCfg = Release|Any CPU
		{8B363090-6F7A-451A-92A9-ED78838C26E0}.Release|Any CPU.Build.0 = Release|Any CPU
	EndGlobalSection
	GlobalSection(SolutionProperties) = preSolution
		HideSolutionNode = FALSE
	EndGlobalSection
	GlobalSection(ExtensibilityGlobals) = postSolution
		SolutionGuid = {955942CA-B26F-4A27-98C2-840936CC0FCE}
	EndGlobalSection
EndGlobal
